// !$*UTF8*$!
{
	archiveVersion = 1;
	classes = {
	};
	objectVersion = 50;
	objects = {

/* Begin PBXBuildFile section */
		043B62742416901D0064E640 /* AppDelegate.swift in Sources */ = {isa = PBXBuildFile; fileRef = 043B62732416901D0064E640 /* AppDelegate.swift */; };
		043B62782416901D0064E640 /* MemeEditorViewController.swift in Sources */ = {isa = PBXBuildFile; fileRef = 043B62772416901D0064E640 /* MemeEditorViewController.swift */; };
		043B627B2416901D0064E640 /* Main.storyboard in Resources */ = {isa = PBXBuildFile; fileRef = 043B62792416901D0064E640 /* Main.storyboard */; };
		043B627E2416901D0064E640 /* MemeMe_1_0.xcdatamodeld in Sources */ = {isa = PBXBuildFile; fileRef = 043B627C2416901D0064E640 /* MemeMe_1_0.xcdatamodeld */; };
		043B6280241690210064E640 /* Assets.xcassets in Resources */ = {isa = PBXBuildFile; fileRef = 043B627F241690210064E640 /* Assets.xcassets */; };
		043B6283241690210064E640 /* LaunchScreen.storyboard in Resources */ = {isa = PBXBuildFile; fileRef = 043B6281241690210064E640 /* LaunchScreen.storyboard */; };
		043B628B241822B90064E640 /* Meme.swift in Sources */ = {isa = PBXBuildFile; fileRef = 043B628A241822B90064E640 /* Meme.swift */; };
		043B628D24190E150064E640 /* MemeTableViewController.swift in Sources */ = {isa = PBXBuildFile; fileRef = 043B628C24190E150064E640 /* MemeTableViewController.swift */; };
		043B628F24190E370064E640 /* MemeCollectionViewController.swift in Sources */ = {isa = PBXBuildFile; fileRef = 043B628E24190E370064E640 /* MemeCollectionViewController.swift */; };
		04776A4E241E3D8500C219B1 /* MemeCollectionViewCell.swift in Sources */ = {isa = PBXBuildFile; fileRef = 04776A4D241E3D8500C219B1 /* MemeCollectionViewCell.swift */; };
		04776A50241E4CDC00C219B1 /* MemeDetailViewController.swift in Sources */ = {isa = PBXBuildFile; fileRef = 04776A4F241E4CDC00C219B1 /* MemeDetailViewController.swift */; };
		04F771C2241EE48500472DC9 /* SceneDelegate.swift in Sources */ = {isa = PBXBuildFile; fileRef = 04F771C1241EE48500472DC9 /* SceneDelegate.swift */; };
/* End PBXBuildFile section */

/* Begin PBXFileReference section */
		043B62702416901D0064E640 /* MemeMe 2.app */ = {isa = PBXFileReference; explicitFileType = wrapper.application; includeInIndex = 0; path = "MemeMe 2.app"; sourceTree = BUILT_PRODUCTS_DIR; };
		043B62732416901D0064E640 /* AppDelegate.swift */ = {isa = PBXFileReference; lastKnownFileType = sourcecode.swift; path = AppDelegate.swift; sourceTree = "<group>"; };
		043B62772416901D0064E640 /* MemeEditorViewController.swift */ = {isa = PBXFileReference; lastKnownFileType = sourcecode.swift; path = MemeEditorViewController.swift; sourceTree = "<group>"; };
		043B627A2416901D0064E640 /* Base */ = {isa = PBXFileReference; lastKnownFileType = file.storyboard; name = Base; path = Base.lproj/Main.storyboard; sourceTree = "<group>"; };
		043B627D2416901D0064E640 /* MemeMe_1_0.xcdatamodel */ = {isa = PBXFileReference; lastKnownFileType = wrapper.xcdatamodel; path = MemeMe_1_0.xcdatamodel; sourceTree = "<group>"; };
		043B627F241690210064E640 /* Assets.xcassets */ = {isa = PBXFileReference; lastKnownFileType = folder.assetcatalog; path = Assets.xcassets; sourceTree = "<group>"; };
		043B6282241690210064E640 /* Base */ = {isa = PBXFileReference; lastKnownFileType = file.storyboard; name = Base; path = Base.lproj/LaunchScreen.storyboard; sourceTree = "<group>"; };
		043B6284241690210064E640 /* Info.plist */ = {isa = PBXFileReference; lastKnownFileType = text.plist.xml; path = Info.plist; sourceTree = "<group>"; };
		043B628A241822B90064E640 /* Meme.swift */ = {isa = PBXFileReference; lastKnownFileType = sourcecode.swift; path = Meme.swift; sourceTree = "<group>"; };
		043B628C24190E150064E640 /* MemeTableViewController.swift */ = {isa = PBXFileReference; lastKnownFileType = sourcecode.swift; path = MemeTableViewController.swift; sourceTree = "<group>"; };
		043B628E24190E370064E640 /* MemeCollectionViewController.swift */ = {isa = PBXFileReference; lastKnownFileType = sourcecode.swift; path = MemeCollectionViewController.swift; sourceTree = "<group>"; };
		04776A4D241E3D8500C219B1 /* MemeCollectionViewCell.swift */ = {isa = PBXFileReference; lastKnownFileType = sourcecode.swift; path = MemeCollectionViewCell.swift; sourceTree = "<group>"; };
		04776A4F241E4CDC00C219B1 /* MemeDetailViewController.swift */ = {isa = PBXFileReference; lastKnownFileType = sourcecode.swift; path = MemeDetailViewController.swift; sourceTree = "<group>"; };
		04F771C1241EE48500472DC9 /* SceneDelegate.swift */ = {isa = PBXFileReference; fileEncoding = 4; lastKnownFileType = sourcecode.swift; path = SceneDelegate.swift; sourceTree = "<group>"; };
/* End PBXFileReference section */

/* Begin PBXFrameworksBuildPhase section */
		043B626D2416901D0064E640 /* Frameworks */ = {
			isa = PBXFrameworksBuildPhase;
			buildActionMask = 2147483647;
			files = (
			);
			runOnlyForDeploymentPostprocessing = 0;
		};
/* End PBXFrameworksBuildPhase section */

/* Begin PBXGroup section */
		043B62672416901D0064E640 = {
			isa = PBXGroup;
			children = (
				043B62722416901D0064E640 /* MemeMe 1.0 */,
				043B62712416901D0064E640 /* Products */,
			);
			sourceTree = "<group>";
		};
		043B62712416901D0064E640 /* Products */ = {
			isa = PBXGroup;
			children = (
				043B62702416901D0064E640 /* MemeMe 2.app */,
			);
			name = Products;
			sourceTree = "<group>";
		};
		043B62722416901D0064E640 /* MemeMe 1.0 */ = {
			isa = PBXGroup;
			children = (
				04F771C1241EE48500472DC9 /* SceneDelegate.swift */,
				04776A53241E56A600C219B1 /* model */,
				04776A52241E569A00C219B1 /* view */,
				04776A51241E568B00C219B1 /* controller */,
				043B62732416901D0064E640 /* AppDelegate.swift */,
				043B627F241690210064E640 /* Assets.xcassets */,
				043B6284241690210064E640 /* Info.plist */,
				043B627C2416901D0064E640 /* MemeMe_1_0.xcdatamodeld */,
			);
			path = "MemeMe 1.0";
			sourceTree = "<group>";
		};
		04776A51241E568B00C219B1 /* controller */ = {
			isa = PBXGroup;
			children = (
				043B62772416901D0064E640 /* MemeEditorViewController.swift */,
				043B628C24190E150064E640 /* MemeTableViewController.swift */,
				043B628E24190E370064E640 /* MemeCollectionViewController.swift */,
				04776A4D241E3D8500C219B1 /* MemeCollectionViewCell.swift */,
				04776A4F241E4CDC00C219B1 /* MemeDetailViewController.swift */,
			);
			path = controller;
			sourceTree = "<group>";
		};
		04776A52241E569A00C219B1 /* view */ = {
			isa = PBXGroup;
			children = (
				043B62792416901D0064E640 /* Main.storyboard */,
				043B6281241690210064E640 /* LaunchScreen.storyboard */,
			);
			path = view;
			sourceTree = "<group>";
		};
		04776A53241E56A600C219B1 /* model */ = {
			isa = PBXGroup;
			children = (
				043B628A241822B90064E640 /* Meme.swift */,
			);
			path = model;
			sourceTree = "<group>";
		};
/* End PBXGroup section */

/* Begin PBXNativeTarget section */
		043B626F2416901D0064E640 /* MemeMe 1.0 */ = {
			isa = PBXNativeTarget;
			buildConfigurationList = 043B6287241690210064E640 /* Build configuration list for PBXNativeTarget "MemeMe 1.0" */;
			buildPhases = (
				043B626C2416901D0064E640 /* Sources */,
				043B626D2416901D0064E640 /* Frameworks */,
				043B626E2416901D0064E640 /* Resources */,
			);
			buildRules = (
			);
			dependencies = (
			);
			name = "MemeMe 1.0";
			productName = "MemeMe 1.0";
			productReference = 043B62702416901D0064E640 /* MemeMe 2.app */;
			productType = "com.apple.product-type.application";
		};
/* End PBXNativeTarget section */

/* Begin PBXProject section */
		043B62682416901D0064E640 /* Project object */ = {
			isa = PBXProject;
			attributes = {
				LastSwiftUpdateCheck = 1130;
				LastUpgradeCheck = 1130;
				ORGANIZATIONNAME = "NotZero Technologies";
				TargetAttributes = {
					043B626F2416901D0064E640 = {
						CreatedOnToolsVersion = 11.3.1;
					};
				};
			};
			buildConfigurationList = 043B626B2416901D0064E640 /* Build configuration list for PBXProject "MemeMe 1.0" */;
			compatibilityVersion = "Xcode 9.3";
			developmentRegion = en;
			hasScannedForEncodings = 0;
			knownRegions = (
				en,
				Base,
			);
			mainGroup = 043B62672416901D0064E640;
			productRefGroup = 043B62712416901D0064E640 /* Products */;
			projectDirPath = "";
			projectRoot = "";
			targets = (
				043B626F2416901D0064E640 /* MemeMe 1.0 */,
			);
		};
/* End PBXProject section */

/* Begin PBXResourcesBuildPhase section */
		043B626E2416901D0064E640 /* Resources */ = {
			isa = PBXResourcesBuildPhase;
			buildActionMask = 2147483647;
			files = (
				043B6283241690210064E640 /* LaunchScreen.storyboard in Resources */,
				043B6280241690210064E640 /* Assets.xcassets in Resources */,
				043B627B2416901D0064E640 /* Main.storyboard in Resources */,
			);
			runOnlyForDeploymentPostprocessing = 0;
		};
/* End PBXResourcesBuildPhase section */

/* Begin PBXSourcesBuildPhase section */
		043B626C2416901D0064E640 /* Sources */ = {
			isa = PBXSourcesBuildPhase;
			buildActionMask = 2147483647;
			files = (
				04776A50241E4CDC00C219B1 /* MemeDetailViewController.swift in Sources */,
				043B627E2416901D0064E640 /* MemeMe_1_0.xcdatamodeld in Sources */,
				04F771C2241EE48500472DC9 /* SceneDelegate.swift in Sources */,
				043B62782416901D0064E640 /* MemeEditorViewController.swift in Sources */,
				04776A4E241E3D8500C219B1 /* MemeCollectionViewCell.swift in Sources */,
				043B62742416901D0064E640 /* AppDelegate.swift in Sources */,
				043B628D24190E150064E640 /* MemeTableViewController.swift in Sources */,
				043B628F24190E370064E640 /* MemeCollectionViewController.swift in Sources */,
				043B628B241822B90064E640 /* Meme.swift in Sources */,
			);
			runOnlyForDeploymentPostprocessing = 0;
		};
/* End PBXSourcesBuildPhase section */

/* Begin PBXVariantGroup section */
		043B62792416901D0064E640 /* Main.storyboard */ = {
			isa = PBXVariantGroup;
			children = (
				043B627A2416901D0064E640 /* Base */,
			);
			name = Main.storyboard;
			sourceTree = "<group>";
		};
		043B6281241690210064E640 /* LaunchScreen.storyboard */ = {
			isa = PBXVariantGroup;
			children = (
				043B6282241690210064E640 /* Base */,
			);
			name = LaunchScreen.storyboard;
			sourceTree = "<group>";
		};
/* End PBXVariantGroup section */

/* Begin XCBuildConfiguration section */
		043B6285241690210064E640 /* Debug */ = {
			isa = XCBuildConfiguration;
			buildSettings = {
				ALWAYS_SEARCH_USER_PATHS = NO;
				CLANG_ANALYZER_NONNULL = YES;
				CLANG_ANALYZER_NUMBER_OBJECT_CONVERSION = YES_AGGRESSIVE;
				CLANG_CXX_LANGUAGE_STANDARD = "gnu++14";
				CLANG_CXX_LIBRARY = "libc++";
				CLANG_ENABLE_MODULES = YES;
				CLANG_ENABLE_OBJC_ARC = YES;
				CLANG_ENABLE_OBJC_WEAK = YES;
				CLANG_WARN_BLOCK_CAPTURE_AUTORELEASING = YES;
				CLANG_WARN_BOOL_CONVERSION = YES;
				CLANG_WARN_COMMA = YES;
				CLANG_WARN_CONSTANT_CONVERSION = YES;
				CLANG_WARN_DEPRECATED_OBJC_IMPLEMENTATIONS = YES;
				CLANG_WARN_DIRECT_OBJC_ISA_USAGE = YES_ERROR;
				CLANG_WARN_DOCUMENTATION_COMMENTS = YES;
				CLANG_WARN_EMPTY_BODY = YES;
				CLANG_WARN_ENUM_CONVERSION = YES;
				CLANG_WARN_INFINITE_RECURSION = YES;
				CLANG_WARN_INT_CONVERSION = YES;
				CLANG_WARN_NON_LITERAL_NULL_CONVERSION = YES;
				CLANG_WARN_OBJC_IMPLICIT_RETAIN_SELF = YES;
				CLANG_WARN_OBJC_LITERAL_CONVERSION = YES;
				CLANG_WARN_OBJC_ROOT_CLASS = YES_ERROR;
				CLANG_WARN_RANGE_LOOP_ANALYSIS = YES;
				CLANG_WARN_STRICT_PROTOTYPES = YES;
				CLANG_WARN_SUSPICIOUS_MOVE = YES;
				CLANG_WARN_UNGUARDED_AVAILABILITY = YES_AGGRESSIVE;
				CLANG_WARN_UNREACHABLE_CODE = YES;
				CLANG_WARN__DUPLICATE_METHOD_MATCH = YES;
				COPY_PHASE_STRIP = NO;
				DEBUG_INFORMATION_FORMAT = dwarf;
				ENABLE_STRICT_OBJC_MSGSEND = YES;
				ENABLE_TESTABILITY = YES;
				GCC_C_LANGUAGE_STANDARD = gnu11;
				GCC_DYNAMIC_NO_PIC = NO;
				GCC_NO_COMMON_BLOCKS = YES;
				GCC_OPTIMIZATION_LEVEL = 0;
				GCC_PREPROCESSOR_DEFINITIONS = (
					"DEBUG=1",
					"$(inherited)",
				);
				GCC_WARN_64_TO_32_BIT_CONVERSION = YES;
				GCC_WARN_ABOUT_RETURN_TYPE = YES_ERROR;
				GCC_WARN_UNDECLARED_SELECTOR = YES;
				GCC_WARN_UNINITIALIZED_AUTOS = YES_AGGRESSIVE;
				GCC_WARN_UNUSED_FUNCTION = YES;
				GCC_WARN_UNUSED_VARIABLE = YES;
				IPHONEOS_DEPLOYMENT_TARGET = 13.2;
				MTL_ENABLE_DEBUG_INFO = INCLUDE_SOURCE;
				MTL_FAST_MATH = YES;
				ONLY_ACTIVE_ARCH = YES;
				SDKROOT = iphoneos;
				SWIFT_ACTIVE_COMPILATION_CONDITIONS = DEBUG;
				SWIFT_OPTIMIZATION_LEVEL = "-Onone";
			};
			name = Debug;
		};
		043B6286241690210064E640 /* Release */ = {
			isa = XCBuildConfiguration;
			buildSettings = {
				ALWAYS_SEARCH_USER_PATHS = NO;
				CLANG_ANALYZER_NONNULL = YES;
				CLANG_ANALYZER_NUMBER_OBJECT_CONVERSION = YES_AGGRESSIVE;
				CLANG_CXX_LANGUAGE_STANDARD = "gnu++14";
				CLANG_CXX_LIBRARY = "libc++";
				CLANG_ENABLE_MODULES = YES;
				CLANG_ENABLE_OBJC_ARC = YES;
				CLANG_ENABLE_OBJC_WEAK = YES;
				CLANG_WARN_BLOCK_CAPTURE_AUTORELEASING = YES;
				CLANG_WARN_BOOL_CONVERSION = YES;
				CLANG_WARN_COMMA = YES;
				CLANG_WARN_CONSTANT_CONVERSION = YES;
				CLANG_WARN_DEPRECATED_OBJC_IMPLEMENTATIONS = YES;
				CLANG_WARN_DIRECT_OBJC_ISA_USAGE = YES_ERROR;
				CLANG_WARN_DOCUMENTATION_COMMENTS = YES;
				CLANG_WARN_EMPTY_BODY = YES;
				CLANG_WARN_ENUM_CONVERSION = YES;
				CLANG_WARN_INFINITE_RECURSION = YES;
				CLANG_WARN_INT_CONVERSION = YES;
				CLANG_WARN_NON_LITERAL_NULL_CONVERSION = YES;
				CLANG_WARN_OBJC_IMPLICIT_RETAIN_SELF = YES;
				CLANG_WARN_OBJC_LITERAL_CONVERSION = YES;
				CLANG_WARN_OBJC_ROOT_CLASS = YES_ERROR;
				CLANG_WARN_RANGE_LOOP_ANALYSIS = YES;
				CLANG_WARN_STRICT_PROTOTYPES = YES;
				CLANG_WARN_SUSPICIOUS_MOVE = YES;
				CLANG_WARN_UNGUARDED_AVAILABILITY = YES_AGGRESSIVE;
				CLANG_WARN_UNREACHABLE_CODE = YES;
				CLANG_WARN__DUPLICATE_METHOD_MATCH = YES;
				COPY_PHASE_STRIP = NO;
				DEBUG_INFORMATION_FORMAT = "dwarf-with-dsym";
				ENABLE_NS_ASSERTIONS = NO;
				ENABLE_STRICT_OBJC_MSGSEND = YES;
				GCC_C_LANGUAGE_STANDARD = gnu11;
				GCC_NO_COMMON_BLOCKS = YES;
				GCC_WARN_64_TO_32_BIT_CONVERSION = YES;
				GCC_WARN_ABOUT_RETURN_TYPE = YES_ERROR;
				GCC_WARN_UNDECLARED_SELECTOR = YES;
				GCC_WARN_UNINITIALIZED_AUTOS = YES_AGGRESSIVE;
				GCC_WARN_UNUSED_FUNCTION = YES;
				GCC_WARN_UNUSED_VARIABLE = YES;
				IPHONEOS_DEPLOYMENT_TARGET = 13.2;
				MTL_ENABLE_DEBUG_INFO = NO;
				MTL_FAST_MATH = YES;
				SDKROOT = iphoneos;
				SWIFT_COMPILATION_MODE = wholemodule;
				SWIFT_OPTIMIZATION_LEVEL = "-O";
				VALIDATE_PRODUCT = YES;
			};
			name = Release;
		};
		043B6288241690210064E640 /* Debug */ = {
			isa = XCBuildConfiguration;
			buildSettings = {
				ASSETCATALOG_COMPILER_APPICON_NAME = AppIcon;
				CODE_SIGN_STYLE = Automatic;
				DEVELOPMENT_TEAM = F87A9MLJ2X;
				INFOPLIST_FILE = "MemeMe 1.0/Info.plist";
				LD_RUNPATH_SEARCH_PATHS = (
					"$(inherited)",
					"@executable_path/Frameworks",
				);
				MARKETING_VERSION = 2.0;
				PRODUCT_BUNDLE_IDENTIFIER = "ng.com.sodiqoladeni.MemeMe-1-0";
				PRODUCT_NAME = "MemeMe 2";
				SWIFT_VERSION = 5.0;
				TARGETED_DEVICE_FAMILY = "1,2";
			};
			name = Debug;
		};
		043B6289241690210064E640 /* Release */ = {
			isa = XCBuildConfiguration;
			buildSettings = {
				ASSETCATALOG_COMPILER_APPICON_NAME = AppIcon;
				CODE_SIGN_STYLE = Automatic;
				DEVELOPMENT_TEAM = F87A9MLJ2X;
				INFOPLIST_FILE = "MemeMe 1.0/Info.plist";
				LD_RUNPATH_SEARCH_PATHS = (
					"$(inherited)",
					"@executable_path/Frameworks",
				);
				MARKETING_VERSION = 2.0;
				PRODUCT_BUNDLE_IDENTIFIER = "ng.com.sodiqoladeni.MemeMe-1-0";
				PRODUCT_NAME = "MemeMe 2";
				SWIFT_VERSION = 5.0;
				TARGETED_DEVICE_FAMILY = "1,2";
			};
			name = Release;
		};
/* End XCBuildConfiguration section */

/* Begin XCConfigurationList section */
		043B626B2416901D0064E640 /* Build configuration list for PBXProject "MemeMe 1.0" */ = {
			isa = XCConfigurationList;
			buildConfigurations = (
				043B6285241690210064E640 /* Debug */,
				043B6286241690210064E640 /* Release */,
			);
			defaultConfigurationIsVisible = 0;
			defaultConfigurationName = Release;
		};
		043B6287241690210064E640 /* Build configuration list for PBXNativeTarget "MemeMe 1.0" */ = {
			isa = XCConfigurationList;
			buildConfigurations = (
				043B6288241690210064E640 /* Debug */,
				043B6289241690210064E640 /* Release */,
			);
			defaultConfigurationIsVisible = 0;
			defaultConfigurationName = Release;
		};
/* End XCConfigurationList section */

/* Begin XCVersionGroup section */
		043B627C2416901D0064E640 /* MemeMe_1_0.xcdatamodeld */ = {
			isa = XCVersionGroup;
			children = (
				043B627D2416901D0064E640 /* MemeMe_1_0.xcdatamodel */,
			);
			currentVersion = 043B627D2416901D0064E640 /* MemeMe_1_0.xcdatamodel */;
			path = MemeMe_1_0.xcdatamodeld;
			sourceTree = "<group>";
			versionGroupType = wrapper.xcdatamodel;
		};
/* End XCVersionGroup section */
	};
	rootObject = 043B62682416901D0064E640 /* Project object */;
}
